{
  "version": 4,
  "terraform_version": "1.5.7",
  "serial": 11,
  "lineage": "c9b8b375-c05b-0f2b-ac04-9cc68a0df4f9",
  "outputs": {
    "public_ip_address": {
      "value": "20.169.222.10",
      "type": "string"
    }
  },
  "resources": [
    {
      "mode": "managed",
      "type": "azurerm_linux_virtual_machine",
      "name": "vm",
      "provider": "provider[\"registry.terraform.io/hashicorp/azurerm\"]",
      "instances": [
        {
          "schema_version": 0,
          "attributes": {
            "additional_capabilities": [],
            "admin_password": null,
            "admin_ssh_key": [
              {
                "public_key": "ssh-rsa AAAAB3NzaC1yc2EAAAADAQABAAACAQCxExwd18fJp9beuCzZlknStsalNCgANUooKbM3EVUmcqsTvoF7NgT8nmSNg0YyAMkl8PAhIDEt7FkhLZZm5Xiw+a5Jzv9mmakiXFlYWqAhiJHfTcFytFqpTht0qDeIZzGdTwx2Fq9V8HATPboGEULY0SAPypmuh7RHLha8lH54NsbRm3oUnKaYetvOziuhZX9nQfpG8RjEnYDm5M914yUzNLy6SuFaa6MVjdo3ylFqS7w3TKFV3wWVarGDTd9DMEk7gAEZpitygQ/7wlgQD87z6zaGnJ9lGN+OjUSaYqByjiU+558qd2+BU502CoU6giUYI3lTjzdMQ2wYAQKvnjvawYQ7lqexhYhMybN/NV1jvjyNOXDXVqg+2egoSO1qvAjmV+vEry7yfOuIeSlt1ckWGO3nff/+ymTz0T849aD8iTatueO43pp1JSDJ6MZnnNzGn3PqvBCs2rN0ESDjbAmkE85lp0ZtGpQwOIIPrvQQ38ckPH0a33QyTUToyiKIBjUI8HXLDwHhSdX5r6Ip/2QCC83v1YfkBL406Yrq7wNZ6vc+0kpkZi6nczZnbwW/nsNtrra91VDOnnSc73KalzHMXUq+YLzZmaWSxHYyJeRl2/mSMh1oW75D6Yj+lyb/RK8bmGyureOBwbIbKtD8hUPuLwwstSdH+2zGuhSsqzAdzw== your_email@example.com\n",
                "username": "azureuser"
              }
            ],
            "admin_username": "azureuser",
            "allow_extension_operations": true,
            "availability_set_id": "",
            "boot_diagnostics": [],
            "bypass_platform_safety_checks_on_user_schedule_enabled": false,
            "capacity_reservation_group_id": "",
            "computer_name": "temp-monitoring-vm",
            "custom_data": null,
            "dedicated_host_group_id": "",
            "dedicated_host_id": "",
            "disable_password_authentication": true,
            "disk_controller_type": "",
            "edge_zone": "",
            "encryption_at_host_enabled": false,
            "eviction_policy": "",
            "extensions_time_budget": "PT1H30M",
            "gallery_application": [],
            "id": "/subscriptions/3341ef30-a18e-4f18-a9c4-e2aad2efc5c7/resourceGroups/temp-monitoring-rg/providers/Microsoft.Compute/virtualMachines/temp-monitoring-vm",
            "identity": [],
            "license_type": "",
            "location": "eastus",
            "max_bid_price": -1,
            "name": "temp-monitoring-vm",
            "network_interface_ids": [
              "/subscriptions/3341ef30-a18e-4f18-a9c4-e2aad2efc5c7/resourceGroups/temp-monitoring-rg/providers/Microsoft.Network/networkInterfaces/temp-monitoring-nic"
            ],
            "os_disk": [
              {
                "caching": "ReadWrite",
                "diff_disk_settings": [],
                "disk_encryption_set_id": "",
                "disk_size_gb": 30,
                "id": "/subscriptions/3341ef30-a18e-4f18-a9c4-e2aad2efc5c7/resourceGroups/temp-monitoring-rg/providers/Microsoft.Compute/disks/temp-monitoring-vm_disk1_5328d8fff2204e0a88f00eab3cf0c988",
                "name": "temp-monitoring-vm_disk1_5328d8fff2204e0a88f00eab3cf0c988",
                "secure_vm_disk_encryption_set_id": "",
                "security_encryption_type": "",
                "storage_account_type": "Standard_LRS",
                "write_accelerator_enabled": false
              }
            ],
            "os_image_notification": [],
            "patch_assessment_mode": "ImageDefault",
            "patch_mode": "ImageDefault",
            "plan": [],
            "platform_fault_domain": -1,
            "priority": "Regular",
            "private_ip_address": "10.0.2.4",
            "private_ip_addresses": [
              "10.0.2.4"
            ],
            "provision_vm_agent": true,
            "proximity_placement_group_id": "",
            "public_ip_address": "20.169.222.10",
            "public_ip_addresses": [
              "20.169.222.10"
            ],
            "reboot_setting": "",
            "resource_group_name": "temp-monitoring-rg",
            "secret": [],
            "secure_boot_enabled": false,
            "size": "Standard_B1s",
            "source_image_id": "",
            "source_image_reference": [
              {
                "offer": "0001-com-ubuntu-server-jammy",
                "publisher": "Canonical",
                "sku": "22_04-lts",
                "version": "latest"
              }
            ],
            "tags": {
              "environment": "dev"
            },
            "termination_notification": null,
            "timeouts": null,
            "user_data": "",
            "virtual_machine_id": "dfeceef2-289e-4000-8a4b-9082a28d082e",
            "virtual_machine_scale_set_id": "",
            "vm_agent_platform_updates_enabled": false,
            "vtpm_enabled": false,
            "zone": ""
          },
          "sensitive_attributes": [],
          "private": "eyJlMmJmYjczMC1lY2FhLTExZTYtOGY4OC0zNDM2M2JjN2M0YzAiOnsiY3JlYXRlIjoyNzAwMDAwMDAwMDAwLCJkZWxldGUiOjI3MDAwMDAwMDAwMDAsInJlYWQiOjMwMDAwMDAwMDAwMCwidXBkYXRlIjoyNzAwMDAwMDAwMDAwfX0=",
          "dependencies": [
            "azurerm_network_interface.nic",
            "azurerm_public_ip.public_ip",
            "azurerm_resource_group.rg",
            "azurerm_subnet.subnet"
          ]
        }
      ]
    },
    {
      "mode": "managed",
      "type": "azurerm_network_interface",
      "name": "nic",
      "provider": "provider[\"registry.terraform.io/hashicorp/azurerm\"]",
      "instances": [
        {
          "schema_version": 0,
          "attributes": {
            "accelerated_networking_enabled": false,
            "applied_dns_servers": [],
            "auxiliary_mode": "",
            "auxiliary_sku": "",
            "dns_servers": null,
            "edge_zone": "",
            "id": "/subscriptions/3341ef30-a18e-4f18-a9c4-e2aad2efc5c7/resourceGroups/temp-monitoring-rg/providers/Microsoft.Network/networkInterfaces/temp-monitoring-nic",
            "internal_dns_name_label": "",
            "internal_domain_name_suffix": "xg13ilvokq1eba43nbj022skhe.bx.internal.cloudapp.net",
            "ip_configuration": [
              {
                "gateway_load_balancer_frontend_ip_configuration_id": "",
                "name": "internal",
                "primary": true,
                "private_ip_address": "10.0.2.4",
                "private_ip_address_allocation": "Dynamic",
                "private_ip_address_version": "IPv4",
                "public_ip_address_id": "/subscriptions/3341ef30-a18e-4f18-a9c4-e2aad2efc5c7/resourceGroups/temp-monitoring-rg/providers/Microsoft.Network/publicIPAddresses/temp-monitoring-ip",
                "subnet_id": "/subscriptions/3341ef30-a18e-4f18-a9c4-e2aad2efc5c7/resourceGroups/temp-monitoring-rg/providers/Microsoft.Network/virtualNetworks/temp-monitoring-vnet/subnets/default"
              }
            ],
            "ip_forwarding_enabled": false,
            "location": "eastus",
            "mac_address": "",
            "name": "temp-monitoring-nic",
            "private_ip_address": "10.0.2.4",
            "private_ip_addresses": [
              "10.0.2.4"
            ],
            "resource_group_name": "temp-monitoring-rg",
            "tags": null,
            "timeouts": null,
            "virtual_machine_id": ""
          },
          "sensitive_attributes": [],
          "private": "eyJlMmJmYjczMC1lY2FhLTExZTYtOGY4OC0zNDM2M2JjN2M0YzAiOnsiY3JlYXRlIjoxODAwMDAwMDAwMDAwLCJkZWxldGUiOjE4MDAwMDAwMDAwMDAsInJlYWQiOjMwMDAwMDAwMDAwMCwidXBkYXRlIjoxODAwMDAwMDAwMDAwfX0=",
          "dependencies": [
            "azurerm_public_ip.public_ip",
            "azurerm_resource_group.rg",
            "azurerm_subnet.subnet"
          ]
        }
      ]
    },
    {
      "mode": "managed",
      "type": "azurerm_network_interface_security_group_association",
      "name": "nsg_assoc",
      "provider": "provider[\"registry.terraform.io/hashicorp/azurerm\"]",
      "instances": [
        {
          "schema_version": 0,
          "attributes": {
            "id": "/subscriptions/3341ef30-a18e-4f18-a9c4-e2aad2efc5c7/resourceGroups/temp-monitoring-rg/providers/Microsoft.Network/networkInterfaces/temp-monitoring-nic|/subscriptions/3341ef30-a18e-4f18-a9c4-e2aad2efc5c7/resourceGroups/temp-monitoring-rg/providers/Microsoft.Network/networkSecurityGroups/temp-monitoring-nsg",
            "network_interface_id": "/subscriptions/3341ef30-a18e-4f18-a9c4-e2aad2efc5c7/resourceGroups/temp-monitoring-rg/providers/Microsoft.Network/networkInterfaces/temp-monitoring-nic",
            "network_security_group_id": "/subscriptions/3341ef30-a18e-4f18-a9c4-e2aad2efc5c7/resourceGroups/temp-monitoring-rg/providers/Microsoft.Network/networkSecurityGroups/temp-monitoring-nsg",
            "timeouts": null
          },
          "sensitive_attributes": [],
          "private": "eyJlMmJmYjczMC1lY2FhLTExZTYtOGY4OC0zNDM2M2JjN2M0YzAiOnsiY3JlYXRlIjoxODAwMDAwMDAwMDAwLCJkZWxldGUiOjE4MDAwMDAwMDAwMDAsInJlYWQiOjMwMDAwMDAwMDAwMH19",
          "dependencies": [
            "azurerm_network_interface.nic",
            "azurerm_network_security_group.nsg",
            "azurerm_public_ip.public_ip",
            "azurerm_resource_group.rg",
            "azurerm_subnet.subnet"
          ]
        }
      ]
    },
    {
      "mode": "managed",
      "type": "azurerm_network_security_group",
      "name": "nsg",
      "provider": "provider[\"registry.terraform.io/hashicorp/azurerm\"]",
      "instances": [
        {
          "schema_version": 0,
          "attributes": {
            "id": "/subscriptions/3341ef30-a18e-4f18-a9c4-e2aad2efc5c7/resourceGroups/temp-monitoring-rg/providers/Microsoft.Network/networkSecurityGroups/temp-monitoring-nsg",
            "location": "eastus",
            "name": "temp-monitoring-nsg",
            "resource_group_name": "temp-monitoring-rg",
            "security_rule": [
              {
                "access": "Allow",
                "description": "",
                "destination_address_prefix": "*",
                "destination_address_prefixes": [],
                "destination_application_security_group_ids": [],
                "destination_port_range": "",
                "destination_port_ranges": [
                  "3000",
                  "9090"
                ],
                "direction": "Inbound",
                "name": "AllowPrometheusGrafana",
                "priority": 1002,
                "protocol": "Tcp",
                "source_address_prefix": "*",
                "source_address_prefixes": [],
                "source_application_security_group_ids": [],
                "source_port_range": "*",
                "source_port_ranges": []
              },
              {
                "access": "Allow",
                "description": "",
                "destination_address_prefix": "*",
                "destination_address_prefixes": [],
                "destination_application_security_group_ids": [],
                "destination_port_range": "22",
                "destination_port_ranges": [],
                "direction": "Inbound",
                "name": "AllowSSH",
                "priority": 1001,
                "protocol": "Tcp",
                "source_address_prefix": "*",
                "source_address_prefixes": [],
                "source_application_security_group_ids": [],
                "source_port_range": "*",
                "source_port_ranges": []
              }
            ],
            "tags": {},
            "timeouts": null
          },
          "sensitive_attributes": [],
          "private": "eyJlMmJmYjczMC1lY2FhLTExZTYtOGY4OC0zNDM2M2JjN2M0YzAiOnsiY3JlYXRlIjoxODAwMDAwMDAwMDAwLCJkZWxldGUiOjE4MDAwMDAwMDAwMDAsInJlYWQiOjMwMDAwMDAwMDAwMCwidXBkYXRlIjoxODAwMDAwMDAwMDAwfX0=",
          "dependencies": [
            "azurerm_resource_group.rg"
          ]
        }
      ]
    },
    {
      "mode": "managed",
      "type": "azurerm_public_ip",
      "name": "public_ip",
      "provider": "provider[\"registry.terraform.io/hashicorp/azurerm\"]",
      "instances": [
        {
          "schema_version": 0,
          "attributes": {
            "allocation_method": "Static",
            "ddos_protection_mode": "VirtualNetworkInherited",
            "ddos_protection_plan_id": null,
            "domain_name_label": null,
            "domain_name_label_scope": null,
            "edge_zone": "",
            "fqdn": null,
            "id": "/subscriptions/3341ef30-a18e-4f18-a9c4-e2aad2efc5c7/resourceGroups/temp-monitoring-rg/providers/Microsoft.Network/publicIPAddresses/temp-monitoring-ip",
            "idle_timeout_in_minutes": 4,
            "ip_address": "20.169.222.10",
            "ip_tags": null,
            "ip_version": "IPv4",
            "location": "eastus",
            "name": "temp-monitoring-ip",
            "public_ip_prefix_id": null,
            "resource_group_name": "temp-monitoring-rg",
            "reverse_fqdn": null,
            "sku": "Standard",
            "sku_tier": "Regional",
            "tags": null,
            "timeouts": null,
            "zones": null
          },
          "sensitive_attributes": [],
          "private": "eyJlMmJmYjczMC1lY2FhLTExZTYtOGY4OC0zNDM2M2JjN2M0YzAiOnsiY3JlYXRlIjoxODAwMDAwMDAwMDAwLCJkZWxldGUiOjE4MDAwMDAwMDAwMDAsInJlYWQiOjMwMDAwMDAwMDAwMCwidXBkYXRlIjoxODAwMDAwMDAwMDAwfX0=",
          "dependencies": [
            "azurerm_resource_group.rg"
          ]
        }
      ]
    },
    {
      "mode": "managed",
      "type": "azurerm_resource_group",
      "name": "rg",
      "provider": "provider[\"registry.terraform.io/hashicorp/azurerm\"]",
      "instances": [
        {
          "schema_version": 0,
          "attributes": {
            "id": "/subscriptions/3341ef30-a18e-4f18-a9c4-e2aad2efc5c7/resourceGroups/temp-monitoring-rg",
            "location": "eastus",
            "managed_by": "",
            "name": "temp-monitoring-rg",
            "tags": {},
            "timeouts": null
          },
          "sensitive_attributes": [],
          "private": "eyJlMmJmYjczMC1lY2FhLTExZTYtOGY4OC0zNDM2M2JjN2M0YzAiOnsiY3JlYXRlIjo1NDAwMDAwMDAwMDAwLCJkZWxldGUiOjU0MDAwMDAwMDAwMDAsInJlYWQiOjMwMDAwMDAwMDAwMCwidXBkYXRlIjo1NDAwMDAwMDAwMDAwfX0="
        }
      ]
    },
    {
      "mode": "managed",
      "type": "azurerm_subnet",
      "name": "subnet",
      "provider": "provider[\"registry.terraform.io/hashicorp/azurerm\"]",
      "instances": [
        {
          "schema_version": 0,
          "attributes": {
            "address_prefixes": [
              "10.0.2.0/24"
            ],
            "default_outbound_access_enabled": true,
            "delegation": [],
            "id": "/subscriptions/3341ef30-a18e-4f18-a9c4-e2aad2efc5c7/resourceGroups/temp-monitoring-rg/providers/Microsoft.Network/virtualNetworks/temp-monitoring-vnet/subnets/default",
            "ip_address_pool": [],
            "name": "default",
            "private_endpoint_network_policies": "Disabled",
            "private_link_service_network_policies_enabled": true,
            "resource_group_name": "temp-monitoring-rg",
            "service_endpoint_policy_ids": [],
            "service_endpoints": [],
            "timeouts": null,
            "virtual_network_name": "temp-monitoring-vnet"
          },
          "sensitive_attributes": [],
          "private": "eyJlMmJmYjczMC1lY2FhLTExZTYtOGY4OC0zNDM2M2JjN2M0YzAiOnsiY3JlYXRlIjoxODAwMDAwMDAwMDAwLCJkZWxldGUiOjE4MDAwMDAwMDAwMDAsInJlYWQiOjMwMDAwMDAwMDAwMCwidXBkYXRlIjoxODAwMDAwMDAwMDAwfX0=",
          "dependencies": [
            "azurerm_resource_group.rg",
            "azurerm_virtual_network.vnet"
          ]
        }
      ]
    },
    {
      "mode": "managed",
      "type": "azurerm_virtual_network",
      "name": "vnet",
      "provider": "provider[\"registry.terraform.io/hashicorp/azurerm\"]",
      "instances": [
        {
          "schema_version": 0,
          "attributes": {
            "address_space": [
              "10.0.0.0/16"
            ],
            "bgp_community": "",
            "ddos_protection_plan": [],
            "dns_servers": [],
            "edge_zone": "",
            "encryption": [],
            "flow_timeout_in_minutes": 0,
            "guid": "2ed4b7b9-54ae-4036-83dd-6853ae724a3c",
            "id": "/subscriptions/3341ef30-a18e-4f18-a9c4-e2aad2efc5c7/resourceGroups/temp-monitoring-rg/providers/Microsoft.Network/virtualNetworks/temp-monitoring-vnet",
            "ip_address_pool": [],
            "location": "eastus",
            "name": "temp-monitoring-vnet",
            "private_endpoint_vnet_policies": "Disabled",
            "resource_group_name": "temp-monitoring-rg",
            "subnet": [
              {
                "address_prefixes": [
                  "10.0.2.0/24"
                ],
                "default_outbound_access_enabled": true,
                "delegation": [],
                "id": "/subscriptions/3341ef30-a18e-4f18-a9c4-e2aad2efc5c7/resourceGroups/temp-monitoring-rg/providers/Microsoft.Network/virtualNetworks/temp-monitoring-vnet/subnets/default",
                "name": "default",
                "private_endpoint_network_policies": "Disabled",
                "private_link_service_network_policies_enabled": true,
                "route_table_id": "",
                "security_group": "",
                "service_endpoint_policy_ids": [],
                "service_endpoints": []
              }
            ],
            "tags": {},
            "timeouts": null
          },
          "sensitive_attributes": [],
          "private": "eyJlMmJmYjczMC1lY2FhLTExZTYtOGY4OC0zNDM2M2JjN2M0YzAiOnsiY3JlYXRlIjoxODAwMDAwMDAwMDAwLCJkZWxldGUiOjE4MDAwMDAwMDAwMDAsInJlYWQiOjMwMDAwMDAwMDAwMCwidXBkYXRlIjoxODAwMDAwMDAwMDAwfX0=",
          "dependencies": [
            "azurerm_resource_group.rg"
          ]
        }
      ]
    }
  ],
  "check_results": null
}
